{"1.1.0",
[{<<"acceptor_pool">>,{pkg,<<"acceptor_pool">>,<<"1.0.0-rc.0">>},0},
 {<<"eredis">>,{pkg,<<"eredis">>,<<"1.0.8">>},0},
 {<<"goldrush">>,{pkg,<<"goldrush">>,<<"0.1.9">>},1},
 {<<"ishikawa">>,
  {git,"https://github.com/lasp-lang/ishikawa",
       {ref,"93e98ee16e3e45251c7cd76f426f36316328e8a7"}},
  0},
 {<<"jsx">>,{pkg,<<"jsx">>,<<"2.8.0">>},0},
 {<<"lager">>,{pkg,<<"lager">>,<<"3.2.4">>},0},
 {<<"ldb">>,
  {git,"https://github.com/vitorenesduarte/ldb",
       {ref,"bbd8b306f45ebfa89e4987b6b7ee614c0cfe3dda"}},
  0},
 {<<"lmetrics">>,
  {git,"https://github.com/gyounes/lmetrics",
       {ref,"ca12d89b2ef23f6d7b2330d45e071d15e811231e"}},
  0},
 {<<"mochiweb">>,{pkg,<<"mochiweb">>,<<"2.15.0">>},0},
 {<<"partisan">>,
  {git,"https://github.com/lasp-lang/partisan",
       {ref,"0d26d1dc6ad0d0be92a254384664c168df171ad4"}},
  0},
 {<<"rand_compat">>,{pkg,<<"rand_compat">>,<<"0.0.1">>},0},
 {<<"time_compat">>,{pkg,<<"time_compat">>,<<"0.0.1">>},0},
 {<<"types">>,
  {git,"https://github.com/lasp-lang/types",
       {ref,"cd64ab76e549dc718f92486598093b7dc5c8d9a8"}},
  0}]}.
[
{pkg_hash,[
 {<<"acceptor_pool">>, <<"679D741DF87FC13599B1AEF2DF8F78F1F880449A6BEFAB7C44FB6FAE0E92A2DE">>},
 {<<"eredis">>, <<"AB4FDA1C4BA7FBE6C19C26C249DC13DA916D762502C4B4FA2DF401A8D51C5364">>},
 {<<"goldrush">>, <<"F06E5D5F1277DA5C413E84D5A2924174182FB108DABB39D5EC548B27424CD106">>},
 {<<"jsx">>, <<"749BEC6D205C694AE1786D62CEA6CC45A390437E24835FD16D12D74F07097727">>},
 {<<"lager">>, <<"A6DEB74DAE7927F46BD13255268308EF03EB206EC784A94EAF7C1C0F3B811615">>},
 {<<"mochiweb">>, <<"E1DAAC474DF07651E5D17CC1E642C4069C7850DC4508D3DB7263A0651330AACC">>},
 {<<"rand_compat">>, <<"624B590931D27252D0BCF710211699DB3695540706F57D2E91B918A17AB58839">>},
 {<<"time_compat">>, <<"23FE0AD1FDF3B5B88821B2D04B4B5E865BF587AE66056D671FE0F53514ED8139">>}]}
].
