[{<<"acceptor_pool">>,{pkg,<<"acceptor_pool">>,<<"1.0.0-rc.0">>},1},
 {<<"goldrush">>,{pkg,<<"goldrush">>,<<"0.1.9">>},1},
 {<<"ishikawa">>,
  {git,"https://github.com/lasp-lang/ishikawa",
       {ref,"39ea13f9a5c626b447a6c3f4837996220bcd181c"}},
  1},
 {<<"jsx">>,{pkg,<<"jsx">>,<<"2.8.0">>},1},
 {<<"lager">>,{pkg,<<"lager">>,<<"3.2.4">>},0},
 {<<"ldb">>,
  {git,"https://github.com/vitorenesduarte/ldb",
       {ref,"6dc5877929b83577d8f0bd03a21f61a9f3df56ea"}},
  0},
 {<<"partisan">>,
  {git,"https://github.com/lasp-lang/partisan",
       {ref,"29f39b26d9bb4c6eccc3bed08acf7c29bfbee8d3"}},
  0},
 {<<"rand_compat">>,{pkg,<<"rand_compat">>,<<"0.0.1">>},1},
 {<<"time_compat">>,{pkg,<<"time_compat">>,<<"0.0.1">>},1},
 {<<"types">>,
  {git,"https://github.com/lasp-lang/types",
       {ref,"a5ebab16eb63e185d7b2fb6a55073e0b4976d599"}},
  1}].
