{"1.1.0",
[{<<"acceptor_pool">>,{pkg,<<"acceptor_pool">>,<<"1.0.0-rc.0">>},0},
 {<<"eredis">>,{pkg,<<"eredis">>,<<"1.0.8">>},0},
 {<<"goldrush">>,{pkg,<<"goldrush">>,<<"0.1.9">>},1},
 {<<"jsx">>,{pkg,<<"jsx">>,<<"2.8.0">>},0},
 {<<"lager">>,{pkg,<<"lager">>,<<"3.2.4">>},0},
 {<<"ldb">>,
  {git,"https://github.com/vitorenesduarte/ldb",
       {ref,"21c91008c4122c004094c5facd582ecffa3b9079"}},
  0},
 {<<"mochiweb">>,{pkg,<<"mochiweb">>,<<"2.15.0">>},0},
 {<<"ranch">>,{pkg,<<"ranch">>,<<"1.5.0">>},1},
 {<<"types">>,
  {git,"https://github.com/vitorenesduarte/types",
       {ref,"b53fdd3236e614bf0a410d4553de50219912133f"}},
  0}]}.
[
{pkg_hash,[
 {<<"acceptor_pool">>, <<"679D741DF87FC13599B1AEF2DF8F78F1F880449A6BEFAB7C44FB6FAE0E92A2DE">>},
 {<<"eredis">>, <<"AB4FDA1C4BA7FBE6C19C26C249DC13DA916D762502C4B4FA2DF401A8D51C5364">>},
 {<<"goldrush">>, <<"F06E5D5F1277DA5C413E84D5A2924174182FB108DABB39D5EC548B27424CD106">>},
 {<<"jsx">>, <<"749BEC6D205C694AE1786D62CEA6CC45A390437E24835FD16D12D74F07097727">>},
 {<<"lager">>, <<"A6DEB74DAE7927F46BD13255268308EF03EB206EC784A94EAF7C1C0F3B811615">>},
 {<<"mochiweb">>, <<"E1DAAC474DF07651E5D17CC1E642C4069C7850DC4508D3DB7263A0651330AACC">>},
 {<<"ranch">>, <<"F04166F456790FEE2AC1AA05A02745CC75783C2BFB26D39FAF6AEFC9A3D3A58A">>}]}
].
